<?xml version="1.0" encoding="utf-8"?>
<Project ToolsVersion="4.0" xmlns="http://schemas.microsoft.com/developer/msbuild/2003">
  <ItemGroup>
    <FxCompile Include="Source\Graphics\Shaders\EmptyShader.hlsl" />
  </ItemGroup>
  <ItemGroup>
    <ClCompile Include="Source\Utils\CommandLineOptions\CommandLineOptions.cpp" />
    <ClCompile Include="Source\Game\GameSettings\GameSettings.cpp" />
    <ClCompile Include="Source\Engine\Core\EngineCore.cpp" />
    <ClCompile Include="Source\Engine\Core\MainEngine.cpp" />
    <ClCompile Include="Source\Graphics\D3D12\D3D12Renderer.cpp" />
    <ClCompile Include="Source\Graphics\D3D12\HAL\D3D12Factory.cpp" />
    <ClCompile Include="Source\Graphics\HLSL\HLSLShader.cpp" />
    <ClCompile Include="Source\Utils\Logger\Logger.cpp" />
    <ClCompile Include="Source\Utils\ModelHelper\ModelImporter.cpp" />
    <ClCompile Include="Source\Utils\Time\ScopedTimer.cpp" />
    <ClCompile Include="Source\Game\GameSpecificCommands.cpp" />
    <ClCompile Include="Source\Platform\Window\Window_Windows.cpp" />
    <ClCompile Include="Source\Platform\Window\WindowEventHandler_Windows.cpp" />
    <ClCompile Include="Source\Engine\Input\InputHandler.cpp" />
    <ClCompile Include="Source\Graphics\ImGui\D3D12\imgui_impl_dx12.cpp" />
    <ClCompile Include="Source\Graphics\ImGui\Windows\imgui_impl_win32.cpp" />
    <ClCompile Include="Source\Graphics\ImGui\imgui.cpp" />
    <ClCompile Include="Source\Graphics\ImGui\imgui_draw.cpp" />
    <ClCompile Include="Source\Graphics\ImGui\imgui_widgets.cpp" />
    <ClCompile Include="Source\Graphics\ImGui\ImGuiWrapper.cpp" />
  </ItemGroup>
  <ItemGroup>
    <ClInclude Include="Source\Engine\Core\Entity\Entity.h" />
    <ClInclude Include="Source\Framework\App\AppContext.h" />
    <ClInclude Include="Source\Graphics\GfxRenderer.h" />
    <ClInclude Include="Source\Graphics\GraphicObjects\Mesh.h" />
    <ClInclude Include="Source\Framework\Includes\ClassHelpers.h" />
    <ClInclude Include="Source\Framework\Includes\SerializationHelpers.h" />
    <ClInclude Include="Source\Framework\Math\Matrix\Matrix.hpp" />
    <ClInclude Include="Source\Framework\Math\Vector\Vec2.hpp" />
    <ClInclude Include="Source\Framework\Math\Vector\Vec3.hpp" />
    <ClInclude Include="Source\Framework\Math\Vector\Vec4.hpp" />
    <ClInclude Include="Source\Utils\CommandLineOptions\CommandLineOptions.hpp" />
    <ClInclude Include="Source\Game\GameSettings\GameSettings.h" />
    <ClInclude Include="Source\Engine\Core\EngineContext.h" />
    <ClInclude Include="Source\Engine\Core\EngineCore.h" />
    <ClInclude Include="Source\Graphics\D3D12\D3D12Renderer.h" />
    <ClInclude Include="Source\Graphics\D3D12\HAL\D3D12Hardware.h" />
    <ClInclude Include="Source\Graphics\D3D12\HAL\D3D12Factory.h" />
    <ClInclude Include="Source\Graphics\HLSL\HLSLShader.h" />
    <ClInclude Include="Extern\Graphics\D3D12\D3DX12\d3dx12.h" />
    <ClInclude Include="Source\Framework\Includes\FrameworkAliases.h" />
    <ClInclude Include="Source\Framework\Includes\FrameworkDefines.h" />
    <ClInclude Include="Source\Framework\Includes\FrameworkHeaders.h" />
    <ClInclude Include="Source\Utils\Logger\Logger.h" />
    <ClInclude Include="Source\Utils\MacroHelpers\EnumHelpers.h" />
    <ClInclude Include="Source\Utils\ModelHelper\ModelImporter.h" />
    <ClInclude Include="Source\Utils\StringUtils\StringUtils.h" />
    <ClInclude Include="Source\Utils\Time\ScopedTimer.h" />
    <ClInclude Include="Source\Engine\Object\Entity\Entity.h" />
    <ClInclude Include="Source\Game\GameSpecificCommands.h" />
    <ClInclude Include="Source\Framework\Platform\Platform.h" />
    <ClInclude Include="Source\Framework\Types\Types.h" />
    <ClInclude Include="Source\Framework\Types\NumericTypeLimits.h" />
    <ClInclude Include="Source\Platform\Platform.h" />
    <ClInclude Include="Source\Framework\Platform\Platform_Win32.h" />
    <ClInclude Include="Source\Platform\PlatformConfig.h" />
    <ClInclude Include="Source\Platform\Platform_Linux.h" />
    <ClInclude Include="Source\Platform\Platform_Windows.h" />
    <ClInclude Include="Source\Platform\Window\Window.h" />
    <ClInclude Include="Source\Platform\Window\Window_Base.h" />
    <ClInclude Include="Source\Platform\Window\Window_Windows.h" />
    <ClInclude Include="Source\Platform\Window\Window_XCB.h" />
    <ClInclude Include="Source\Platform\Types\NumericTypeLimits.h" />
    <ClInclude Include="Source\Platform\Types\Types.h" />
    <ClInclude Include="Source\Framework\AppContext.h" />
    <ClInclude Include="Source\Framework\ClassHelpers.h" />
    <ClInclude Include="Source\Framework\SerializationHelpers.h" />
    <ClInclude Include="Source\Platform\Assertion.h" />
    <ClInclude Include="Source\Platform\Window\WindowDesc_Common.h" />
    <ClInclude Include="Source\Platform\Window\WindowEventHandler.h" />
    <ClInclude Include="Source\Platform\Window\WindowEventHandler_Windows.h" />
    <ClInclude Include="Source\Engine\Input\InputHandler.h" />
    <ClInclude Include="Source\Engine\Serialization\DeSerializer.h" />
    <ClInclude Include="Source\Engine\Serialization\Serializer.h" />
    <ClInclude Include="Source\Platform\File.h" />
    <ClInclude Include="Source\Platform\ResultHelper.h" />
    <ClInclude Include="Source\Framework\FrameworkHelpers.h" />
    <ClInclude Include="Source\Graphics\ImGui\D3D12\imgui_impl_dx12.h" />
    <ClInclude Include="Source\Graphics\ImGui\Windows\imgui_impl_win32.h" />
    <ClInclude Include="Source\Graphics\ImGui\imconfig.h" />
    <ClInclude Include="Source\Graphics\ImGui\imgui.h" />
    <ClInclude Include="Source\Graphics\ImGui\imgui_internal.h" />
    <ClInclude Include="Source\Graphics\ImGui\ImGuiWrapper.h" />
    <ClInclude Include="Source\Graphics\ImGui\imstb_rectpack.h" />
    <ClInclude Include="Source\Graphics\ImGui\imstb_textedit.h" />
    <ClInclude Include="Source\Graphics\ImGui\imstb_truetype.h" />
    <ClInclude Include="Extern\Engine\entt.hpp" />
    <ClInclude Include="Extern\Engine\Eigen\Cholesky\LDLT.h" />
    <ClInclude Include="Extern\Engine\Eigen\Cholesky\LLT.h" />
    <ClInclude Include="Extern\Engine\Eigen\Cholesky\LLT_LAPACKE.h" />
    <ClInclude Include="Extern\Engine\Eigen\CholmodSupport\CholmodSupport.h" />
    <ClInclude Include="Extern\Engine\Eigen\Core\arch\AltiVec\Complex.h" />
    <ClInclude Include="Extern\Engine\Eigen\Core\arch\AltiVec\MathFunctions.h" />
    <ClInclude Include="Extern\Engine\Eigen\Core\arch\AltiVec\MatrixProduct.h" />
    <ClInclude Include="Extern\Engine\Eigen\Core\arch\AltiVec\MatrixProductCommon.h" />
    <ClInclude Include="Extern\Engine\Eigen\Core\arch\AltiVec\MatrixProductMMA.h" />
    <ClInclude Include="Extern\Engine\Eigen\Core\arch\AltiVec\PacketMath.h" />
    <ClInclude Include="Extern\Engine\Eigen\Core\arch\AVX\Complex.h" />
    <ClInclude Include="Extern\Engine\Eigen\Core\arch\AVX\MathFunctions.h" />
    <ClInclude Include="Extern\Engine\Eigen\Core\arch\AVX\PacketMath.h" />
    <ClInclude Include="Extern\Engine\Eigen\Core\arch\AVX\TypeCasting.h" />
    <ClInclude Include="Extern\Engine\Eigen\Core\arch\AVX512\Complex.h" />
    <ClInclude Include="Extern\Engine\Eigen\Core\arch\AVX512\MathFunctions.h" />
    <ClInclude Include="Extern\Engine\Eigen\Core\arch\AVX512\PacketMath.h" />
    <ClInclude Include="Extern\Engine\Eigen\Core\arch\AVX512\TypeCasting.h" />
    <ClInclude Include="Extern\Engine\Eigen\Core\arch\CUDA\Complex.h" />
    <ClInclude Include="Extern\Engine\Eigen\Core\arch\Default\BFloat16.h" />
    <ClInclude Include="Extern\Engine\Eigen\Core\arch\Default\ConjHelper.h" />
    <ClInclude Include="Extern\Engine\Eigen\Core\arch\Default\GenericPacketMathFunctions.h" />
    <ClInclude Include="Extern\Engine\Eigen\Core\arch\Default\GenericPacketMathFunctionsFwd.h" />
    <ClInclude Include="Extern\Engine\Eigen\Core\arch\Default\Half.h" />
    <ClInclude Include="Extern\Engine\Eigen\Core\arch\Default\Settings.h" />
    <ClInclude Include="Extern\Engine\Eigen\Core\arch\Default\TypeCasting.h" />
    <ClInclude Include="Extern\Engine\Eigen\Core\arch\GPU\MathFunctions.h" />
    <ClInclude Include="Extern\Engine\Eigen\Core\arch\GPU\PacketMath.h" />
    <ClInclude Include="Extern\Engine\Eigen\Core\arch\GPU\TypeCasting.h" />
    <ClInclude Include="Extern\Engine\Eigen\Core\arch\HIP\hcc\math_constants.h" />
    <ClInclude Include="Extern\Engine\Eigen\Core\arch\MSA\Complex.h" />
    <ClInclude Include="Extern\Engine\Eigen\Core\arch\MSA\MathFunctions.h" />
    <ClInclude Include="Extern\Engine\Eigen\Core\arch\MSA\PacketMath.h" />
    <ClInclude Include="Extern\Engine\Eigen\Core\arch\NEON\Complex.h" />
    <ClInclude Include="Extern\Engine\Eigen\Core\arch\NEON\MathFunctions.h" />
    <ClInclude Include="Extern\Engine\Eigen\Core\arch\NEON\PacketMath.h" />
    <ClInclude Include="Extern\Engine\Eigen\Core\arch\NEON\TypeCasting.h" />
    <ClInclude Include="Extern\Engine\Eigen\Core\arch\SSE\Complex.h" />
    <ClInclude Include="Extern\Engine\Eigen\Core\arch\SSE\MathFunctions.h" />
    <ClInclude Include="Extern\Engine\Eigen\Core\arch\SSE\PacketMath.h" />
    <ClInclude Include="Extern\Engine\Eigen\Core\arch\SSE\TypeCasting.h" />
    <ClInclude Include="Extern\Engine\Eigen\Core\arch\SYCL\InteropHeaders.h" />
    <ClInclude Include="Extern\Engine\Eigen\Core\arch\SYCL\MathFunctions.h" />
    <ClInclude Include="Extern\Engine\Eigen\Core\arch\SYCL\PacketMath.h" />
    <ClInclude Include="Extern\Engine\Eigen\Core\arch\SYCL\SyclMemoryModel.h" />
    <ClInclude Include="Extern\Engine\Eigen\Core\arch\SYCL\TypeCasting.h" />
    <ClInclude Include="Extern\Engine\Eigen\Core\arch\ZVector\Complex.h" />
    <ClInclude Include="Extern\Engine\Eigen\Core\arch\ZVector\MathFunctions.h" />
    <ClInclude Include="Extern\Engine\Eigen\Core\arch\ZVector\PacketMath.h" />
    <ClInclude Include="Extern\Engine\Eigen\Core\ArithmeticSequence.h" />
    <ClInclude Include="Extern\Engine\Eigen\Core\Array.h" />
    <ClInclude Include="Extern\Engine\Eigen\Core\ArrayBase.h" />
    <ClInclude Include="Extern\Engine\Eigen\Core\ArrayWrapper.h" />
    <ClInclude Include="Extern\Engine\Eigen\Core\Assign.h" />
    <ClInclude Include="Extern\Engine\Eigen\Core\AssignEvaluator.h" />
    <ClInclude Include="Extern\Engine\Eigen\Core\Assign_MKL.h" />
    <ClInclude Include="Extern\Engine\Eigen\Core\BandMatrix.h" />
    <ClInclude Include="Extern\Engine\Eigen\Core\Block.h" />
    <ClInclude Include="Extern\Engine\Eigen\Core\BooleanRedux.h" />
    <ClInclude Include="Extern\Engine\Eigen\Core\CommaInitializer.h" />
    <ClInclude Include="Extern\Engine\Eigen\Core\ConditionEstimator.h" />
    <ClInclude Include="Extern\Engine\Eigen\Core\CoreEvaluators.h" />
    <ClInclude Include="Extern\Engine\Eigen\Core\CoreIterators.h" />
    <ClInclude Include="Extern\Engine\Eigen\Core\CwiseBinaryOp.h" />
    <ClInclude Include="Extern\Engine\Eigen\Core\CwiseNullaryOp.h" />
    <ClInclude Include="Extern\Engine\Eigen\Core\CwiseTernaryOp.h" />
    <ClInclude Include="Extern\Engine\Eigen\Core\CwiseUnaryOp.h" />
    <ClInclude Include="Extern\Engine\Eigen\Core\CwiseUnaryView.h" />
    <ClInclude Include="Extern\Engine\Eigen\Core\DenseBase.h" />
    <ClInclude Include="Extern\Engine\Eigen\Core\DenseCoeffsBase.h" />
    <ClInclude Include="Extern\Engine\Eigen\Core\DenseStorage.h" />
    <ClInclude Include="Extern\Engine\Eigen\Core\Diagonal.h" />
    <ClInclude Include="Extern\Engine\Eigen\Core\DiagonalMatrix.h" />
    <ClInclude Include="Extern\Engine\Eigen\Core\DiagonalProduct.h" />
    <ClInclude Include="Extern\Engine\Eigen\Core\Dot.h" />
    <ClInclude Include="Extern\Engine\Eigen\Core\EigenBase.h" />
    <ClInclude Include="Extern\Engine\Eigen\Core\ForceAlignedAccess.h" />
    <ClInclude Include="Extern\Engine\Eigen\Core\functors\AssignmentFunctors.h" />
    <ClInclude Include="Extern\Engine\Eigen\Core\functors\BinaryFunctors.h" />
    <ClInclude Include="Extern\Engine\Eigen\Core\functors\NullaryFunctors.h" />
    <ClInclude Include="Extern\Engine\Eigen\Core\functors\StlFunctors.h" />
    <ClInclude Include="Extern\Engine\Eigen\Core\functors\TernaryFunctors.h" />
    <ClInclude Include="Extern\Engine\Eigen\Core\functors\UnaryFunctors.h" />
    <ClInclude Include="Extern\Engine\Eigen\Core\Fuzzy.h" />
    <ClInclude Include="Extern\Engine\Eigen\Core\GeneralProduct.h" />
    <ClInclude Include="Extern\Engine\Eigen\Core\GenericPacketMath.h" />
    <ClInclude Include="Extern\Engine\Eigen\Core\GlobalFunctions.h" />
    <ClInclude Include="Extern\Engine\Eigen\Core\IndexedView.h" />
    <ClInclude Include="Extern\Engine\Eigen\Core\Inverse.h" />
    <ClInclude Include="Extern\Engine\Eigen\Core\IO.h" />
    <ClInclude Include="Extern\Engine\Eigen\Core\Map.h" />
    <ClInclude Include="Extern\Engine\Eigen\Core\MapBase.h" />
    <ClInclude Include="Extern\Engine\Eigen\Core\MathFunctions.h" />
    <ClInclude Include="Extern\Engine\Eigen\Core\MathFunctionsImpl.h" />
    <ClInclude Include="Extern\Engine\Eigen\Core\Matrix.h" />
    <ClInclude Include="Extern\Engine\Eigen\Core\MatrixBase.h" />
    <ClInclude Include="Extern\Engine\Eigen\Core\NestByValue.h" />
    <ClInclude Include="Extern\Engine\Eigen\Core\NoAlias.h" />
    <ClInclude Include="Extern\Engine\Eigen\Core\NumTraits.h" />
    <ClInclude Include="Extern\Engine\Eigen\Core\PartialReduxEvaluator.h" />
    <ClInclude Include="Extern\Engine\Eigen\Core\PermutationMatrix.h" />
    <ClInclude Include="Extern\Engine\Eigen\Core\PlainObjectBase.h" />
    <ClInclude Include="Extern\Engine\Eigen\Core\Product.h" />
    <ClInclude Include="Extern\Engine\Eigen\Core\ProductEvaluators.h" />
    <ClInclude Include="Extern\Engine\Eigen\Core\products\GeneralBlockPanelKernel.h" />
    <ClInclude Include="Extern\Engine\Eigen\Core\products\GeneralMatrixMatrix.h" />
    <ClInclude Include="Extern\Engine\Eigen\Core\products\GeneralMatrixMatrixTriangular.h" />
    <ClInclude Include="Extern\Engine\Eigen\Core\products\GeneralMatrixMatrixTriangular_BLAS.h" />
    <ClInclude Include="Extern\Engine\Eigen\Core\products\GeneralMatrixMatrix_BLAS.h" />
    <ClInclude Include="Extern\Engine\Eigen\Core\products\GeneralMatrixVector.h" />
    <ClInclude Include="Extern\Engine\Eigen\Core\products\GeneralMatrixVector_BLAS.h" />
    <ClInclude Include="Extern\Engine\Eigen\Core\products\Parallelizer.h" />
    <ClInclude Include="Extern\Engine\Eigen\Core\products\SelfadjointMatrixMatrix.h" />
    <ClInclude Include="Extern\Engine\Eigen\Core\products\SelfadjointMatrixMatrix_BLAS.h" />
    <ClInclude Include="Extern\Engine\Eigen\Core\products\SelfadjointMatrixVector.h" />
    <ClInclude Include="Extern\Engine\Eigen\Core\products\SelfadjointMatrixVector_BLAS.h" />
    <ClInclude Include="Extern\Engine\Eigen\Core\products\SelfadjointProduct.h" />
    <ClInclude Include="Extern\Engine\Eigen\Core\products\SelfadjointRank2Update.h" />
    <ClInclude Include="Extern\Engine\Eigen\Core\products\TriangularMatrixMatrix.h" />
    <ClInclude Include="Extern\Engine\Eigen\Core\products\TriangularMatrixMatrix_BLAS.h" />
    <ClInclude Include="Extern\Engine\Eigen\Core\products\TriangularMatrixVector.h" />
    <ClInclude Include="Extern\Engine\Eigen\Core\products\TriangularMatrixVector_BLAS.h" />
    <ClInclude Include="Extern\Engine\Eigen\Core\products\TriangularSolverMatrix.h" />
    <ClInclude Include="Extern\Engine\Eigen\Core\products\TriangularSolverMatrix_BLAS.h" />
    <ClInclude Include="Extern\Engine\Eigen\Core\products\TriangularSolverVector.h" />
    <ClInclude Include="Extern\Engine\Eigen\Core\Random.h" />
    <ClInclude Include="Extern\Engine\Eigen\Core\Redux.h" />
    <ClInclude Include="Extern\Engine\Eigen\Core\Ref.h" />
    <ClInclude Include="Extern\Engine\Eigen\Core\Replicate.h" />
    <ClInclude Include="Extern\Engine\Eigen\Core\Reshaped.h" />
    <ClInclude Include="Extern\Engine\Eigen\Core\ReturnByValue.h" />
    <ClInclude Include="Extern\Engine\Eigen\Core\Reverse.h" />
    <ClInclude Include="Extern\Engine\Eigen\Core\Select.h" />
    <ClInclude Include="Extern\Engine\Eigen\Core\SelfAdjointView.h" />
    <ClInclude Include="Extern\Engine\Eigen\Core\SelfCwiseBinaryOp.h" />
    <ClInclude Include="Extern\Engine\Eigen\Core\Solve.h" />
    <ClInclude Include="Extern\Engine\Eigen\Core\SolverBase.h" />
    <ClInclude Include="Extern\Engine\Eigen\Core\SolveTriangular.h" />
    <ClInclude Include="Extern\Engine\Eigen\Core\StableNorm.h" />
    <ClInclude Include="Extern\Engine\Eigen\Core\StlIterators.h" />
    <ClInclude Include="Extern\Engine\Eigen\Core\Stride.h" />
    <ClInclude Include="Extern\Engine\Eigen\Core\Swap.h" />
    <ClInclude Include="Extern\Engine\Eigen\Core\Transpose.h" />
    <ClInclude Include="Extern\Engine\Eigen\Core\Transpositions.h" />
    <ClInclude Include="Extern\Engine\Eigen\Core\TriangularMatrix.h" />
    <ClInclude Include="Extern\Engine\Eigen\Core\util\BlasUtil.h" />
    <ClInclude Include="Extern\Engine\Eigen\Core\util\ConfigureVectorization.h" />
    <ClInclude Include="Extern\Engine\Eigen\Core\util\Constants.h" />
    <ClInclude Include="Extern\Engine\Eigen\Core\util\DisableStupidWarnings.h" />
    <ClInclude Include="Extern\Engine\Eigen\Core\util\ForwardDeclarations.h" />
    <ClInclude Include="Extern\Engine\Eigen\Core\util\IndexedViewHelper.h" />
    <ClInclude Include="Extern\Engine\Eigen\Core\util\IntegralConstant.h" />
    <ClInclude Include="Extern\Engine\Eigen\Core\util\Macros.h" />
    <ClInclude Include="Extern\Engine\Eigen\Core\util\Memory.h" />
    <ClInclude Include="Extern\Engine\Eigen\Core\util\Meta.h" />
    <ClInclude Include="Extern\Engine\Eigen\Core\util\MKL_support.h" />
    <ClInclude Include="Extern\Engine\Eigen\Core\util\NonMPL2.h" />
    <ClInclude Include="Extern\Engine\Eigen\Core\util\ReenableStupidWarnings.h" />
    <ClInclude Include="Extern\Engine\Eigen\Core\util\ReshapedHelper.h" />
    <ClInclude Include="Extern\Engine\Eigen\Core\util\StaticAssert.h" />
    <ClInclude Include="Extern\Engine\Eigen\Core\util\SymbolicIndex.h" />
    <ClInclude Include="Extern\Engine\Eigen\Core\util\XprHelper.h" />
    <ClInclude Include="Extern\Engine\Eigen\Core\VectorBlock.h" />
    <ClInclude Include="Extern\Engine\Eigen\Core\VectorwiseOp.h" />
    <ClInclude Include="Extern\Engine\Eigen\Core\Visitor.h" />
    <ClInclude Include="Extern\Engine\Eigen\Eigenvalues\ComplexEigenSolver.h" />
    <ClInclude Include="Extern\Engine\Eigen\Eigenvalues\ComplexSchur.h" />
    <ClInclude Include="Extern\Engine\Eigen\Eigenvalues\ComplexSchur_LAPACKE.h" />
    <ClInclude Include="Extern\Engine\Eigen\Eigenvalues\EigenSolver.h" />
    <ClInclude Include="Extern\Engine\Eigen\Eigenvalues\GeneralizedEigenSolver.h" />
    <ClInclude Include="Extern\Engine\Eigen\Eigenvalues\GeneralizedSelfAdjointEigenSolver.h" />
    <ClInclude Include="Extern\Engine\Eigen\Eigenvalues\HessenbergDecomposition.h" />
    <ClInclude Include="Extern\Engine\Eigen\Eigenvalues\MatrixBaseEigenvalues.h" />
    <ClInclude Include="Extern\Engine\Eigen\Eigenvalues\RealQZ.h" />
    <ClInclude Include="Extern\Engine\Eigen\Eigenvalues\RealSchur.h" />
    <ClInclude Include="Extern\Engine\Eigen\Eigenvalues\RealSchur_LAPACKE.h" />
    <ClInclude Include="Extern\Engine\Eigen\Eigenvalues\SelfAdjointEigenSolver.h" />
    <ClInclude Include="Extern\Engine\Eigen\Eigenvalues\SelfAdjointEigenSolver_LAPACKE.h" />
    <ClInclude Include="Extern\Engine\Eigen\Eigenvalues\Tridiagonalization.h" />
    <ClInclude Include="Extern\Engine\Eigen\Geometry\AlignedBox.h" />
    <ClInclude Include="Extern\Engine\Eigen\Geometry\AngleAxis.h" />
    <ClInclude Include="Extern\Engine\Eigen\Geometry\arch\Geometry_SSE.h" />
    <ClInclude Include="Extern\Engine\Eigen\Geometry\EulerAngles.h" />
    <ClInclude Include="Extern\Engine\Eigen\Geometry\Homogeneous.h" />
    <ClInclude Include="Extern\Engine\Eigen\Geometry\Hyperplane.h" />
    <ClInclude Include="Extern\Engine\Eigen\Geometry\OrthoMethods.h" />
    <ClInclude Include="Extern\Engine\Eigen\Geometry\ParametrizedLine.h" />
    <ClInclude Include="Extern\Engine\Eigen\Geometry\Quaternion.h" />
    <ClInclude Include="Extern\Engine\Eigen\Geometry\Rotation2D.h" />
    <ClInclude Include="Extern\Engine\Eigen\Geometry\RotationBase.h" />
    <ClInclude Include="Extern\Engine\Eigen\Geometry\Scaling.h" />
    <ClInclude Include="Extern\Engine\Eigen\Geometry\Transform.h" />
    <ClInclude Include="Extern\Engine\Eigen\Geometry\Translation.h" />
    <ClInclude Include="Extern\Engine\Eigen\Geometry\Umeyama.h" />
    <ClInclude Include="Extern\Engine\Eigen\Householder\BlockHouseholder.h" />
    <ClInclude Include="Extern\Engine\Eigen\Householder\Householder.h" />
    <ClInclude Include="Extern\Engine\Eigen\Householder\HouseholderSequence.h" />
    <ClInclude Include="Extern\Engine\Eigen\IterativeLinearSolvers\BasicPreconditioners.h" />
    <ClInclude Include="Extern\Engine\Eigen\IterativeLinearSolvers\BiCGSTAB.h" />
    <ClInclude Include="Extern\Engine\Eigen\IterativeLinearSolvers\ConjugateGradient.h" />
    <ClInclude Include="Extern\Engine\Eigen\IterativeLinearSolvers\IncompleteCholesky.h" />
    <ClInclude Include="Extern\Engine\Eigen\IterativeLinearSolvers\IncompleteLUT.h" />
    <ClInclude Include="Extern\Engine\Eigen\IterativeLinearSolvers\IterativeSolverBase.h" />
    <ClInclude Include="Extern\Engine\Eigen\IterativeLinearSolvers\LeastSquareConjugateGradient.h" />
    <ClInclude Include="Extern\Engine\Eigen\IterativeLinearSolvers\SolveWithGuess.h" />
    <ClInclude Include="Extern\Engine\Eigen\Jacobi\Jacobi.h" />
    <ClInclude Include="Extern\Engine\Eigen\KLUSupport\KLUSupport.h" />
    <ClInclude Include="Extern\Engine\Eigen\LU\arch\InverseSize4.h" />
    <ClInclude Include="Extern\Engine\Eigen\LU\Determinant.h" />
    <ClInclude Include="Extern\Engine\Eigen\LU\FullPivLU.h" />
    <ClInclude Include="Extern\Engine\Eigen\LU\InverseImpl.h" />
    <ClInclude Include="Extern\Engine\Eigen\LU\PartialPivLU.h" />
    <ClInclude Include="Extern\Engine\Eigen\LU\PartialPivLU_LAPACKE.h" />
    <ClInclude Include="Extern\Engine\Eigen\MetisSupport\MetisSupport.h" />
    <ClInclude Include="Extern\Engine\Eigen\misc\blas.h" />
    <ClInclude Include="Extern\Engine\Eigen\misc\Image.h" />
    <ClInclude Include="Extern\Engine\Eigen\misc\Kernel.h" />
    <ClInclude Include="Extern\Engine\Eigen\misc\lapack.h" />
    <ClInclude Include="Extern\Engine\Eigen\misc\lapacke.h" />
    <ClInclude Include="Extern\Engine\Eigen\misc\lapacke_mangling.h" />
    <ClInclude Include="Extern\Engine\Eigen\misc\RealSvd2x2.h" />
    <ClInclude Include="Extern\Engine\Eigen\OrderingMethods\Amd.h" />
    <ClInclude Include="Extern\Engine\Eigen\OrderingMethods\Eigen_Colamd.h" />
    <ClInclude Include="Extern\Engine\Eigen\OrderingMethods\Ordering.h" />
    <ClInclude Include="Extern\Engine\Eigen\PardisoSupport\PardisoSupport.h" />
    <ClInclude Include="Extern\Engine\Eigen\PaStiXSupport\PaStiXSupport.h" />
    <ClInclude Include="Extern\Engine\Eigen\plugins\ArrayCwiseBinaryOps.h" />
    <ClInclude Include="Extern\Engine\Eigen\plugins\ArrayCwiseUnaryOps.h" />
    <ClInclude Include="Extern\Engine\Eigen\plugins\BlockMethods.h" />
    <ClInclude Include="Extern\Engine\Eigen\plugins\CommonCwiseBinaryOps.h" />
    <ClInclude Include="Extern\Engine\Eigen\plugins\CommonCwiseUnaryOps.h" />
    <ClInclude Include="Extern\Engine\Eigen\plugins\IndexedViewMethods.h" />
    <ClInclude Include="Extern\Engine\Eigen\plugins\MatrixCwiseBinaryOps.h" />
    <ClInclude Include="Extern\Engine\Eigen\plugins\MatrixCwiseUnaryOps.h" />
    <ClInclude Include="Extern\Engine\Eigen\plugins\ReshapedMethods.h" />
    <ClInclude Include="Extern\Engine\Eigen\QR\ColPivHouseholderQR.h" />
    <ClInclude Include="Extern\Engine\Eigen\QR\ColPivHouseholderQR_LAPACKE.h" />
    <ClInclude Include="Extern\Engine\Eigen\QR\CompleteOrthogonalDecomposition.h" />
    <ClInclude Include="Extern\Engine\Eigen\QR\FullPivHouseholderQR.h" />
    <ClInclude Include="Extern\Engine\Eigen\QR\HouseholderQR.h" />
    <ClInclude Include="Extern\Engine\Eigen\QR\HouseholderQR_LAPACKE.h" />
    <ClInclude Include="Extern\Engine\Eigen\SparseCholesky\SimplicialCholesky.h" />
    <ClInclude Include="Extern\Engine\Eigen\SparseCholesky\SimplicialCholesky_impl.h" />
    <ClInclude Include="Extern\Engine\Eigen\SparseCore\AmbiVector.h" />
    <ClInclude Include="Extern\Engine\Eigen\SparseCore\CompressedStorage.h" />
    <ClInclude Include="Extern\Engine\Eigen\SparseCore\ConservativeSparseSparseProduct.h" />
    <ClInclude Include="Extern\Engine\Eigen\SparseCore\MappedSparseMatrix.h" />
    <ClInclude Include="Extern\Engine\Eigen\SparseCore\SparseAssign.h" />
    <ClInclude Include="Extern\Engine\Eigen\SparseCore\SparseBlock.h" />
    <ClInclude Include="Extern\Engine\Eigen\SparseCore\SparseColEtree.h" />
    <ClInclude Include="Extern\Engine\Eigen\SparseCore\SparseCompressedBase.h" />
    <ClInclude Include="Extern\Engine\Eigen\SparseCore\SparseCwiseBinaryOp.h" />
    <ClInclude Include="Extern\Engine\Eigen\SparseCore\SparseCwiseUnaryOp.h" />
    <ClInclude Include="Extern\Engine\Eigen\SparseCore\SparseDenseProduct.h" />
    <ClInclude Include="Extern\Engine\Eigen\SparseCore\SparseDiagonalProduct.h" />
    <ClInclude Include="Extern\Engine\Eigen\SparseCore\SparseDot.h" />
    <ClInclude Include="Extern\Engine\Eigen\SparseCore\SparseFuzzy.h" />
    <ClInclude Include="Extern\Engine\Eigen\SparseCore\SparseMap.h" />
    <ClInclude Include="Extern\Engine\Eigen\SparseCore\SparseMatrix.h" />
    <ClInclude Include="Extern\Engine\Eigen\SparseCore\SparseMatrixBase.h" />
    <ClInclude Include="Extern\Engine\Eigen\SparseCore\SparsePermutation.h" />
    <ClInclude Include="Extern\Engine\Eigen\SparseCore\SparseProduct.h" />
    <ClInclude Include="Extern\Engine\Eigen\SparseCore\SparseRedux.h" />
    <ClInclude Include="Extern\Engine\Eigen\SparseCore\SparseRef.h" />
    <ClInclude Include="Extern\Engine\Eigen\SparseCore\SparseSelfAdjointView.h" />
    <ClInclude Include="Extern\Engine\Eigen\SparseCore\SparseSolverBase.h" />
    <ClInclude Include="Extern\Engine\Eigen\SparseCore\SparseSparseProductWithPruning.h" />
    <ClInclude Include="Extern\Engine\Eigen\SparseCore\SparseTranspose.h" />
    <ClInclude Include="Extern\Engine\Eigen\SparseCore\SparseTriangularView.h" />
    <ClInclude Include="Extern\Engine\Eigen\SparseCore\SparseUtil.h" />
    <ClInclude Include="Extern\Engine\Eigen\SparseCore\SparseVector.h" />
    <ClInclude Include="Extern\Engine\Eigen\SparseCore\SparseView.h" />
    <ClInclude Include="Extern\Engine\Eigen\SparseCore\TriangularSolver.h" />
    <ClInclude Include="Extern\Engine\Eigen\SparseLU\SparseLU.h" />
    <ClInclude Include="Extern\Engine\Eigen\SparseLU\SparseLUImpl.h" />
    <ClInclude Include="Extern\Engine\Eigen\SparseLU\SparseLU_column_bmod.h" />
    <ClInclude Include="Extern\Engine\Eigen\SparseLU\SparseLU_column_dfs.h" />
    <ClInclude Include="Extern\Engine\Eigen\SparseLU\SparseLU_copy_to_ucol.h" />
    <ClInclude Include="Extern\Engine\Eigen\SparseLU\SparseLU_gemm_kernel.h" />
    <ClInclude Include="Extern\Engine\Eigen\SparseLU\SparseLU_heap_relax_snode.h" />
    <ClInclude Include="Extern\Engine\Eigen\SparseLU\SparseLU_kernel_bmod.h" />
    <ClInclude Include="Extern\Engine\Eigen\SparseLU\SparseLU_Memory.h" />
    <ClInclude Include="Extern\Engine\Eigen\SparseLU\SparseLU_panel_bmod.h" />
    <ClInclude Include="Extern\Engine\Eigen\SparseLU\SparseLU_panel_dfs.h" />
    <ClInclude Include="Extern\Engine\Eigen\SparseLU\SparseLU_pivotL.h" />
    <ClInclude Include="Extern\Engine\Eigen\SparseLU\SparseLU_pruneL.h" />
    <ClInclude Include="Extern\Engine\Eigen\SparseLU\SparseLU_relax_snode.h" />
    <ClInclude Include="Extern\Engine\Eigen\SparseLU\SparseLU_Structs.h" />
    <ClInclude Include="Extern\Engine\Eigen\SparseLU\SparseLU_SupernodalMatrix.h" />
    <ClInclude Include="Extern\Engine\Eigen\SparseLU\SparseLU_Utils.h" />
    <ClInclude Include="Extern\Engine\Eigen\SparseQR\SparseQR.h" />
    <ClInclude Include="Extern\Engine\Eigen\SPQRSupport\SuiteSparseQRSupport.h" />
    <ClInclude Include="Extern\Engine\Eigen\StlSupport\details.h" />
    <ClInclude Include="Extern\Engine\Eigen\StlSupport\StdDeque.h" />
    <ClInclude Include="Extern\Engine\Eigen\StlSupport\StdList.h" />
    <ClInclude Include="Extern\Engine\Eigen\StlSupport\StdVector.h" />
    <ClInclude Include="Extern\Engine\Eigen\SuperLUSupport\SuperLUSupport.h" />
    <ClInclude Include="Extern\Engine\Eigen\SVD\BDCSVD.h" />
    <ClInclude Include="Extern\Engine\Eigen\SVD\JacobiSVD.h" />
    <ClInclude Include="Extern\Engine\Eigen\SVD\JacobiSVD_LAPACKE.h" />
    <ClInclude Include="Extern\Engine\Eigen\SVD\SVDBase.h" />
    <ClInclude Include="Extern\Engine\Eigen\SVD\UpperBidiagonalization.h" />
    <ClInclude Include="Extern\Engine\Eigen\UmfPackSupport\UmfPackSupport.h" />
    <ClInclude Include="Extern\Engine\Entt\entt.hpp" />
  </ItemGroup>
  <ItemGroup>
    <None Include="packages.config" />
  </ItemGroup>
  <ItemGroup>
    <Text Include="Docs\CodeGuildelinesAndRules.txt" />
  </ItemGroup>
</Project>