<?xml version="1.0" encoding="utf-8"?>
<Project ToolsVersion="4.0" xmlns="http://schemas.microsoft.com/developer/msbuild/2003">
  <ItemGroup>
    <FxCompile Include="Source\Graphics\Shaders\EmptyShader.hlsl" />
  </ItemGroup>
  <ItemGroup>
    <ClCompile Include="Source\Graphics\D3D11\D3D11Renderer.cpp" />
    <ClCompile Include="Source\Graphics\D3D11\HAL\D3D11Factory.cpp" />
    <ClCompile Include="Source\Graphics\GfxRenderer.cpp" />
    <ClCompile Include="Source\Utils\CommandLineOptions\CommandLineOptions.cpp" />
    <ClCompile Include="Source\Game\GameSettings\GameSettings.cpp" />
    <ClCompile Include="Source\Engine\Core\EngineCore.cpp" />
    <ClCompile Include="Source\Engine\Core\MainEngine.cpp" />
    <ClCompile Include="Source\Graphics\D3D12\D3D12Renderer.cpp" />
    <ClCompile Include="Source\Graphics\D3D12\HAL\D3D12Factory.cpp" />
    <ClCompile Include="Source\Graphics\HLSL\HLSLShader.cpp" />
    <ClCompile Include="Source\System\System.cpp" />
    <ClCompile Include="Source\Framework\Includes\FrameworkGlobals.cpp" />
    <ClCompile Include="Source\Framework\Window\Window.cpp" />
    <ClCompile Include="Source\Framework\Window\WindowManager.cpp" />
    <ClCompile Include="Source\Utils\FileWatcher\FileWatcher.cpp" />
    <ClCompile Include="Source\Utils\Logger\Logger.cpp" />
    <ClCompile Include="Source\Utils\ModelHelper\ModelImporter.cpp" />
    <ClCompile Include="Source\Utils\Time\ScopedTimer.cpp" />
    <ClCompile Include="Source\System\Input\InputHandler.cpp" />
    <ClCompile Include="Source\Game\GameSpecificCommands.cpp" />
    <ClCompile Include="Source\Game\Windows\GameSpecificMain.cpp" />
  </ItemGroup>
  <ItemGroup>
    <ClInclude Include="Source\Engine\Core\Entity\Entity.h" />
    <ClInclude Include="Source\Framework\App\AppContext.h" />
    <ClInclude Include="Source\Graphics\D3D11\D3D11Renderer.h" />
    <ClInclude Include="Source\Graphics\D3D11\HAL\D3D11Factory.h" />
    <ClInclude Include="Source\Graphics\GfxRenderer.h" />
    <ClInclude Include="Source\Graphics\D3D11\HAL\D3D11Hardware.h" />
    <ClInclude Include="Source\Graphics\GraphicObjects\Mesh.h" />
    <ClInclude Include="Source\System\DeSerializer.h" />
    <ClInclude Include="Source\System\File.h" />
    <ClInclude Include="Source\System\Serializer.h" />
    <ClInclude Include="Source\Framework\Includes\ClassHelpers.h" />
    <ClInclude Include="Source\Framework\Includes\SerializationHelpers.h" />
    <ClInclude Include="Source\Framework\Math\Matrix\Matrix.hpp" />
    <ClInclude Include="Source\Framework\Math\Vector\Vec2.hpp" />
    <ClInclude Include="Source\Framework\Math\Vector\Vec3.hpp" />
    <ClInclude Include="Source\Framework\Math\Vector\Vec4.hpp" />
    <ClInclude Include="Source\Utils\CommandLineOptions\CommandLineOptions.hpp" />
    <ClInclude Include="Source\Game\GameSettings\GameSettings.h" />
    <ClInclude Include="Source\Engine\Core\EngineContext.h" />
    <ClInclude Include="Source\Engine\Core\EngineCore.h" />
    <ClInclude Include="Source\Engine\Core\MainEngine.h" />
    <ClInclude Include="Source\Graphics\D3D12\D3D12Renderer.h" />
    <ClInclude Include="Source\Graphics\D3D12\HAL\D3D12Hardware.h" />
    <ClInclude Include="Source\Graphics\D3D12\HAL\D3D12Factory.h" />
    <ClInclude Include="Source\Graphics\HLSL\HLSLShader.h" />
    <ClInclude Include="Source\System\System.h" />
    <ClInclude Include="Extern\Graphics\D3D12\D3DX12\d3dx12.h" />
    <ClInclude Include="Source\Framework\Includes\FrameworkAliases.h" />
    <ClInclude Include="Source\Framework\Includes\FrameworkDefines.h" />
    <ClInclude Include="Source\Framework\Includes\FrameworkGlobals.h" />
    <ClInclude Include="Source\Framework\Includes\FrameworkHeaders.h" />
    <ClInclude Include="Source\Framework\Window\Window.h" />
    <ClInclude Include="Source\Framework\Window\WindowManager.h" />
    <ClInclude Include="Source\Utils\FileWatcher\FileWatcher.h" />
    <ClInclude Include="Source\Utils\Logger\Logger.h" />
    <ClInclude Include="Source\Utils\MacroHelpers\EnumHelpers.h" />
    <ClInclude Include="Source\Utils\ModelHelper\ModelImporter.h" />
    <ClInclude Include="Source\Utils\StringUtils\StringUtils.h" />
    <ClInclude Include="Source\Utils\Time\ScopedTimer.h" />
    <ClInclude Include="Source\System\Input\InputHandler.h" />
    <ClInclude Include="Source\Engine\Core\EngineLoop.h" />
    <ClInclude Include="Source\Engine\Object\Entity\Entity.h" />
    <ClInclude Include="Source\Game\GameSpecificCommands.h" />
    <ClInclude Include="Source\Framework\Platform\Platform_Windows.h" />
    <ClInclude Include="Source\Framework\Platform\Platform.h" />
  </ItemGroup>
  <ItemGroup>
    <None Include="packages.config" />
  </ItemGroup>
  <ItemGroup>
    <Text Include="Docs\CodeGuildelinesAndRules.txt" />
  </ItemGroup>
</Project>