
Microsoft Visual Studio Solution File, Format Version 12.00
# Visual Studio 15
VisualStudioVersion = 15.0.28307.136
MinimumVisualStudioVersion = 10.0.40219.1
Project("{8BC9CEB8-8B4A-11D0-8D11-00A0C91BC942}") = "EngineCore", "EngineCore\EngineCore.vcxproj", "{1EAD5785-D97C-4125-A47B-5B5A476A4173}"
EndProject
Project("{8BC9CEB8-8B4A-11D0-8D11-00A0C91BC942}") = "Physics", "Physics\Physics.vcxproj", "{FDF84560-9066-44F0-86A8-60455E7468CE}"
EndProject
Project("{8BC9CEB8-8B4A-11D0-8D11-00A0C91BC942}") = "Graphics", "Graphics\Graphics.vcxproj", "{5D1F5D1C-BD7D-4193-B214-FE9892DB153C}"
EndProject
Project("{8BC9CEB8-8B4A-11D0-8D11-00A0C91BC942}") = "Tools", "Tools\Tools.vcxproj", "{91892B0E-0EE9-4B2F-978A-4098FCCCE197}"
EndProject
Project("{8BC9CEB8-8B4A-11D0-8D11-00A0C91BC942}") = "External", "..\ext\External\External.vcxproj", "{673479B8-B9EA-4D94-98A5-44A7732660D2}"
EndProject
Global
	GlobalSection(SolutionConfigurationPlatforms) = preSolution
		Debug|x64 = Debug|x64
		Debug|x86 = Debug|x86
		Release|x64 = Release|x64
		Release|x86 = Release|x86
	EndGlobalSection
	GlobalSection(ProjectConfigurationPlatforms) = postSolution
		{1EAD5785-D97C-4125-A47B-5B5A476A4173}.Debug|x64.ActiveCfg = Debug|x64
		{1EAD5785-D97C-4125-A47B-5B5A476A4173}.Debug|x64.Build.0 = Debug|x64
		{1EAD5785-D97C-4125-A47B-5B5A476A4173}.Debug|x86.ActiveCfg = Debug|Win32
		{1EAD5785-D97C-4125-A47B-5B5A476A4173}.Debug|x86.Build.0 = Debug|Win32
		{1EAD5785-D97C-4125-A47B-5B5A476A4173}.Release|x64.ActiveCfg = Release|x64
		{1EAD5785-D97C-4125-A47B-5B5A476A4173}.Release|x64.Build.0 = Release|x64
		{1EAD5785-D97C-4125-A47B-5B5A476A4173}.Release|x86.ActiveCfg = Release|Win32
		{1EAD5785-D97C-4125-A47B-5B5A476A4173}.Release|x86.Build.0 = Release|Win32
		{FDF84560-9066-44F0-86A8-60455E7468CE}.Debug|x64.ActiveCfg = Debug|x64
		{FDF84560-9066-44F0-86A8-60455E7468CE}.Debug|x64.Build.0 = Debug|x64
		{FDF84560-9066-44F0-86A8-60455E7468CE}.Debug|x86.ActiveCfg = Debug|Win32
		{FDF84560-9066-44F0-86A8-60455E7468CE}.Debug|x86.Build.0 = Debug|Win32
		{FDF84560-9066-44F0-86A8-60455E7468CE}.Release|x64.ActiveCfg = Release|x64
		{FDF84560-9066-44F0-86A8-60455E7468CE}.Release|x64.Build.0 = Release|x64
		{FDF84560-9066-44F0-86A8-60455E7468CE}.Release|x86.ActiveCfg = Release|Win32
		{FDF84560-9066-44F0-86A8-60455E7468CE}.Release|x86.Build.0 = Release|Win32
		{5D1F5D1C-BD7D-4193-B214-FE9892DB153C}.Debug|x64.ActiveCfg = Debug|x64
		{5D1F5D1C-BD7D-4193-B214-FE9892DB153C}.Debug|x64.Build.0 = Debug|x64
		{5D1F5D1C-BD7D-4193-B214-FE9892DB153C}.Debug|x86.ActiveCfg = Debug|Win32
		{5D1F5D1C-BD7D-4193-B214-FE9892DB153C}.Debug|x86.Build.0 = Debug|Win32
		{5D1F5D1C-BD7D-4193-B214-FE9892DB153C}.Release|x64.ActiveCfg = Release|x64
		{5D1F5D1C-BD7D-4193-B214-FE9892DB153C}.Release|x64.Build.0 = Release|x64
		{5D1F5D1C-BD7D-4193-B214-FE9892DB153C}.Release|x86.ActiveCfg = Release|Win32
		{5D1F5D1C-BD7D-4193-B214-FE9892DB153C}.Release|x86.Build.0 = Release|Win32
		{91892B0E-0EE9-4B2F-978A-4098FCCCE197}.Debug|x64.ActiveCfg = Debug|x64
		{91892B0E-0EE9-4B2F-978A-4098FCCCE197}.Debug|x64.Build.0 = Debug|x64
		{91892B0E-0EE9-4B2F-978A-4098FCCCE197}.Debug|x86.ActiveCfg = Debug|Win32
		{91892B0E-0EE9-4B2F-978A-4098FCCCE197}.Debug|x86.Build.0 = Debug|Win32
		{91892B0E-0EE9-4B2F-978A-4098FCCCE197}.Release|x64.ActiveCfg = Release|x64
		{91892B0E-0EE9-4B2F-978A-4098FCCCE197}.Release|x64.Build.0 = Release|x64
		{91892B0E-0EE9-4B2F-978A-4098FCCCE197}.Release|x86.ActiveCfg = Release|Win32
		{91892B0E-0EE9-4B2F-978A-4098FCCCE197}.Release|x86.Build.0 = Release|Win32
		{673479B8-B9EA-4D94-98A5-44A7732660D2}.Debug|x64.ActiveCfg = Debug|x64
		{673479B8-B9EA-4D94-98A5-44A7732660D2}.Debug|x64.Build.0 = Debug|x64
		{673479B8-B9EA-4D94-98A5-44A7732660D2}.Debug|x86.ActiveCfg = Debug|Win32
		{673479B8-B9EA-4D94-98A5-44A7732660D2}.Debug|x86.Build.0 = Debug|Win32
		{673479B8-B9EA-4D94-98A5-44A7732660D2}.Release|x64.ActiveCfg = Release|x64
		{673479B8-B9EA-4D94-98A5-44A7732660D2}.Release|x64.Build.0 = Release|x64
		{673479B8-B9EA-4D94-98A5-44A7732660D2}.Release|x86.ActiveCfg = Release|Win32
		{673479B8-B9EA-4D94-98A5-44A7732660D2}.Release|x86.Build.0 = Release|Win32
	EndGlobalSection
	GlobalSection(SolutionProperties) = preSolution
		HideSolutionNode = FALSE
	EndGlobalSection
	GlobalSection(ExtensibilityGlobals) = postSolution
		SolutionGuid = {3CD014A1-37E4-4FCB-82F2-B8383634E2ED}
	EndGlobalSection
EndGlobal
